
Microsoft Visual Studio Solution File, Format Version 12.00
# Visual Studio Version 16
VisualStudioVersion = 16.0.29503.13
MinimumVisualStudioVersion = 10.0.40219.1
Project("{FAE04EC0-301F-11D3-BF4B-00C04F79EFBC}") = "ScalablePathTechnical", "ScalablePathTechnical\ScalablePathTechnical.csproj", "{8E2D9710-D478-427C-9E6A-B95D4BD90505}"
EndProject
Global
	GlobalSection(SolutionConfigurationPlatforms) = preSolution
		Debug|Any CPU = Debug|Any CPU
		Release|Any CPU = Release|Any CPU
	EndGlobalSection
	GlobalSection(ProjectConfigurationPlatforms) = postSolution
		{8E2D9710-D478-427C-9E6A-B95D4BD90505}.Debug|Any CPU.ActiveCfg = Debug|Any CPU
		{8E2D9710-D478-427C-9E6A-B95D4BD90505}.Debug|Any CPU.Build.0 = Debug|Any CPU
		{8E2D9710-D478-427C-9E6A-B95D4BD90505}.Release|Any CPU.ActiveCfg = Release|Any CPU
		{8E2D9710-D478-427C-9E6A-B95D4BD90505}.Release|Any CPU.Build.0 = Release|Any CPU
	EndGlobalSection
	GlobalSection(SolutionProperties) = preSolution
		HideSolutionNode = FALSE
	EndGlobalSection
	GlobalSection(ExtensibilityGlobals) = postSolution
		SolutionGuid = {5B490564-A593-4769-9C5E-DDF8C7C3443E}
	EndGlobalSection
EndGlobal
